
Microsoft Visual Studio Solution File, Format Version 12.00
# Visual Studio Version 16
VisualStudioVersion = 16.0.29409.12
MinimumVisualStudioVersion = 10.0.40219.1
Project("{9A19103F-16F7-4668-BE54-9A1E7A4F7556}") = "Day1", "AdventOfCode2019\Day1.csproj", "{AC938569-644E-4EF8-ACF2-26D346DF2A36}"
EndProject
Project("{9A19103F-16F7-4668-BE54-9A1E7A4F7556}") = "Day3", "Day3\Day3.csproj", "{A01617B3-B8D1-4C3A-B872-16BDEC4BB441}"
EndProject
Project("{9A19103F-16F7-4668-BE54-9A1E7A4F7556}") = "Day4", "Day4\Day4.csproj", "{A938E50A-87C4-4E4B-AF0D-4ED167CE5BAC}"
EndProject
Project("{9A19103F-16F7-4668-BE54-9A1E7A4F7556}") = "Day6", "Day6\Day6.csproj", "{CE839733-FA33-4283-BB3F-A4AAD825DE71}"
EndProject
Project("{FAE04EC0-301F-11D3-BF4B-00C04F79EFBC}") = "Day8", "Day8\Day8.csproj", "{8257FDED-E689-46FF-822D-1306775E6642}"
EndProject
Global
	GlobalSection(SolutionConfigurationPlatforms) = preSolution
		Debug|Any CPU = Debug|Any CPU
		Release|Any CPU = Release|Any CPU
	EndGlobalSection
	GlobalSection(ProjectConfigurationPlatforms) = postSolution
		{AC938569-644E-4EF8-ACF2-26D346DF2A36}.Debug|Any CPU.ActiveCfg = Debug|Any CPU
		{AC938569-644E-4EF8-ACF2-26D346DF2A36}.Debug|Any CPU.Build.0 = Debug|Any CPU
		{AC938569-644E-4EF8-ACF2-26D346DF2A36}.Release|Any CPU.ActiveCfg = Release|Any CPU
		{AC938569-644E-4EF8-ACF2-26D346DF2A36}.Release|Any CPU.Build.0 = Release|Any CPU
		{A01617B3-B8D1-4C3A-B872-16BDEC4BB441}.Debug|Any CPU.ActiveCfg = Debug|Any CPU
		{A01617B3-B8D1-4C3A-B872-16BDEC4BB441}.Debug|Any CPU.Build.0 = Debug|Any CPU
		{A01617B3-B8D1-4C3A-B872-16BDEC4BB441}.Release|Any CPU.ActiveCfg = Release|Any CPU
		{A01617B3-B8D1-4C3A-B872-16BDEC4BB441}.Release|Any CPU.Build.0 = Release|Any CPU
		{A938E50A-87C4-4E4B-AF0D-4ED167CE5BAC}.Debug|Any CPU.ActiveCfg = Debug|Any CPU
		{A938E50A-87C4-4E4B-AF0D-4ED167CE5BAC}.Debug|Any CPU.Build.0 = Debug|Any CPU
		{A938E50A-87C4-4E4B-AF0D-4ED167CE5BAC}.Release|Any CPU.ActiveCfg = Release|Any CPU
		{A938E50A-87C4-4E4B-AF0D-4ED167CE5BAC}.Release|Any CPU.Build.0 = Release|Any CPU
		{CE839733-FA33-4283-BB3F-A4AAD825DE71}.Debug|Any CPU.ActiveCfg = Debug|Any CPU
		{CE839733-FA33-4283-BB3F-A4AAD825DE71}.Debug|Any CPU.Build.0 = Debug|Any CPU
		{CE839733-FA33-4283-BB3F-A4AAD825DE71}.Release|Any CPU.ActiveCfg = Release|Any CPU
		{CE839733-FA33-4283-BB3F-A4AAD825DE71}.Release|Any CPU.Build.0 = Release|Any CPU
		{8257FDED-E689-46FF-822D-1306775E6642}.Debug|Any CPU.ActiveCfg = Debug|Any CPU
		{8257FDED-E689-46FF-822D-1306775E6642}.Debug|Any CPU.Build.0 = Debug|Any CPU
		{8257FDED-E689-46FF-822D-1306775E6642}.Release|Any CPU.ActiveCfg = Release|Any CPU
		{8257FDED-E689-46FF-822D-1306775E6642}.Release|Any CPU.Build.0 = Release|Any CPU
	EndGlobalSection
	GlobalSection(SolutionProperties) = preSolution
		HideSolutionNode = FALSE
	EndGlobalSection
	GlobalSection(ExtensibilityGlobals) = postSolution
		SolutionGuid = {370D054C-C63B-4837-87E7-19D728A0E63B}
	EndGlobalSection
EndGlobal
